
Microsoft Visual Studio Solution File, Format Version 12.00
# Visual Studio Version 17
VisualStudioVersion = 17.3.32901.215
MinimumVisualStudioVersion = 10.0.40219.1
Project("{9A19103F-16F7-4668-BE54-9A1E7A4F7556}") = "ClassLibrary2", "ClassLibrary2\ClassLibrary2.csproj", "{EADACA47-6660-4693-A6A8-6ACFF1CF6A46}"
EndProject
Project("{2150E333-8FDC-42A3-9474-1A3956D46DE8}") = "InFolderB", "InFolderB", "{8C9DBCF6-C2A9-4D55-BD48-AADF40240336}"
EndProject
Project("{9A19103F-16F7-4668-BE54-9A1E7A4F7556}") = "InSolutionFolderClassLibraryB", "InSolutionFolderClassLibraryB\InSolutionFolderClassLibraryB.csproj", "{E77589E3-8B28-4BEC-B486-73720938DF07}"
EndProject
Project("{2150E333-8FDC-42A3-9474-1A3956D46DE8}") = "Solution Items", "Solution Items", "{A1A2656E-4DC0-42CF-A0C2-4D0B66CDDB9B}"
	ProjectSection(SolutionItems) = preProject
		2.txt = 2.txt
	EndProjectSection
EndProject
Global
	GlobalSection(SolutionConfigurationPlatforms) = preSolution
		Debug|Any CPU = Debug|Any CPU
		LocalHost|Any CPU = LocalHost|Any CPU
		Production|Any CPU = Production|Any CPU
		Release|Any CPU = Release|Any CPU
	EndGlobalSection
	GlobalSection(ProjectConfigurationPlatforms) = postSolution
		{EADACA47-6660-4693-A6A8-6ACFF1CF6A46}.Debug|Any CPU.ActiveCfg = Debug|Any CPU
		{EADACA47-6660-4693-A6A8-6ACFF1CF6A46}.Debug|Any CPU.Build.0 = Debug|Any CPU
		{EADACA47-6660-4693-A6A8-6ACFF1CF6A46}.LocalHost|Any CPU.ActiveCfg = LocalHost|Any CPU
		{EADACA47-6660-4693-A6A8-6ACFF1CF6A46}.LocalHost|Any CPU.Build.0 = LocalHost|Any CPU
		{EADACA47-6660-4693-A6A8-6ACFF1CF6A46}.Production|Any CPU.ActiveCfg = Production|Any CPU
		{EADACA47-6660-4693-A6A8-6ACFF1CF6A46}.Production|Any CPU.Build.0 = Production|Any CPU
		{EADACA47-6660-4693-A6A8-6ACFF1CF6A46}.Release|Any CPU.ActiveCfg = Release|Any CPU
		{EADACA47-6660-4693-A6A8-6ACFF1CF6A46}.Release|Any CPU.Build.0 = Release|Any CPU
		{E77589E3-8B28-4BEC-B486-73720938DF07}.Debug|Any CPU.ActiveCfg = Debug|Any CPU
		{E77589E3-8B28-4BEC-B486-73720938DF07}.Debug|Any CPU.Build.0 = Debug|Any CPU
		{E77589E3-8B28-4BEC-B486-73720938DF07}.LocalHost|Any CPU.ActiveCfg = LocalHost|Any CPU
		{E77589E3-8B28-4BEC-B486-73720938DF07}.LocalHost|Any CPU.Build.0 = LocalHost|Any CPU
		{E77589E3-8B28-4BEC-B486-73720938DF07}.Production|Any CPU.ActiveCfg = Production|Any CPU
		{E77589E3-8B28-4BEC-B486-73720938DF07}.Production|Any CPU.Build.0 = Production|Any CPU
		{E77589E3-8B28-4BEC-B486-73720938DF07}.Release|Any CPU.ActiveCfg = Release|Any CPU
		{E77589E3-8B28-4BEC-B486-73720938DF07}.Release|Any CPU.Build.0 = Release|Any CPU
	EndGlobalSection
	GlobalSection(SolutionProperties) = preSolution
		HideSolutionNode = FALSE
	EndGlobalSection
	GlobalSection(NestedProjects) = preSolution
		{E77589E3-8B28-4BEC-B486-73720938DF07} = {8C9DBCF6-C2A9-4D55-BD48-AADF40240336}
	EndGlobalSection
	GlobalSection(ExtensibilityGlobals) = postSolution
		SolutionGuid = {0F9B2256-FEFF-4D23-BFD6-05B98F4DBDF0}
	EndGlobalSection
EndGlobal
