
Microsoft Visual Studio Solution File, Format Version 12.00
# Visual Studio Version 17
VisualStudioVersion = 17.3.32901.215
MinimumVisualStudioVersion = 10.0.40219.1
Project("{FAE04EC0-301F-11D3-BF4B-00C04F79EFBC}") = "ClassLibrary1", "ClassLibrary1\ClassLibrary1.csproj", "{23030AF7-941A-498B-805B-2EF13D6982E7}"
EndProject
Project("{2150E333-8FDC-42A3-9474-1A3956D46DE8}") = "InFolder", "InFolder", "{8FE39D73-9DBF-47A0-94E3-24F96625B4EA}"
EndProject
Project("{FAE04EC0-301F-11D3-BF4B-00C04F79EFBC}") = "InDiskFolderClassLibrary", "InDiskFolder\InDiskFolderClassLibrary\InDiskFolderClassLibrary.csproj", "{177D7443-2536-4B05-8CBD-5FAD3CE75FD3}"
EndProject
Project("{FAE04EC0-301F-11D3-BF4B-00C04F79EFBC}") = "InSolutionFolderClassLibrary", "InSolutionFolderClassLibrary\InSolutionFolderClassLibrary.csproj", "{2DA8C987-D5E9-4756-930E-1EBE4AC8D0AD}"
EndProject
Global
	GlobalSection(SolutionConfigurationPlatforms) = preSolution
		Debug|Any CPU = Debug|Any CPU
		Release|Any CPU = Release|Any CPU
	EndGlobalSection
	GlobalSection(ProjectConfigurationPlatforms) = postSolution
		{23030AF7-941A-498B-805B-2EF13D6982E7}.Debug|Any CPU.ActiveCfg = Debug|Any CPU
		{23030AF7-941A-498B-805B-2EF13D6982E7}.Debug|Any CPU.Build.0 = Debug|Any CPU
		{23030AF7-941A-498B-805B-2EF13D6982E7}.Release|Any CPU.ActiveCfg = Release|Any CPU
		{23030AF7-941A-498B-805B-2EF13D6982E7}.Release|Any CPU.Build.0 = Release|Any CPU
		{177D7443-2536-4B05-8CBD-5FAD3CE75FD3}.Debug|Any CPU.ActiveCfg = Debug|Any CPU
		{177D7443-2536-4B05-8CBD-5FAD3CE75FD3}.Debug|Any CPU.Build.0 = Debug|Any CPU
		{177D7443-2536-4B05-8CBD-5FAD3CE75FD3}.Release|Any CPU.ActiveCfg = Release|Any CPU
		{177D7443-2536-4B05-8CBD-5FAD3CE75FD3}.Release|Any CPU.Build.0 = Release|Any CPU
		{2DA8C987-D5E9-4756-930E-1EBE4AC8D0AD}.Debug|Any CPU.ActiveCfg = Debug|Any CPU
		{2DA8C987-D5E9-4756-930E-1EBE4AC8D0AD}.Debug|Any CPU.Build.0 = Debug|Any CPU
		{2DA8C987-D5E9-4756-930E-1EBE4AC8D0AD}.Release|Any CPU.ActiveCfg = Release|Any CPU
		{2DA8C987-D5E9-4756-930E-1EBE4AC8D0AD}.Release|Any CPU.Build.0 = Release|Any CPU
	EndGlobalSection
	GlobalSection(SolutionProperties) = preSolution
		HideSolutionNode = FALSE
	EndGlobalSection
	GlobalSection(NestedProjects) = preSolution
		{177D7443-2536-4B05-8CBD-5FAD3CE75FD3} = {8FE39D73-9DBF-47A0-94E3-24F96625B4EA}
		{2DA8C987-D5E9-4756-930E-1EBE4AC8D0AD} = {8FE39D73-9DBF-47A0-94E3-24F96625B4EA}
	EndGlobalSection
	GlobalSection(ExtensibilityGlobals) = postSolution
		SolutionGuid = {CAE28B69-4C6B-4930-95FE-1053358566FF}
	EndGlobalSection
EndGlobal
